// !$*UTF8*$!
{
	archiveVersion = 1;
	classes = {
	};
	objectVersion = 56;
	objects = {

/* Begin PBXBuildFile section */
		DF547216292E5B2100FBFB13 /* Union_AssuranceApp.swift in Sources */ = {isa = PBXBuildFile; fileRef = DF547215292E5B2100FBFB13 /* Union_AssuranceApp.swift */; };
		DF547218292E5B2100FBFB13 /* ContentView.swift in Sources */ = {isa = PBXBuildFile; fileRef = DF547217292E5B2100FBFB13 /* ContentView.swift */; };
		DF54721A292E5B2300FBFB13 /* Assets.xcassets in Resources */ = {isa = PBXBuildFile; fileRef = DF547219292E5B2300FBFB13 /* Assets.xcassets */; };
		DF54721D292E5B2300FBFB13 /* Preview Assets.xcassets in Resources */ = {isa = PBXBuildFile; fileRef = DF54721C292E5B2300FBFB13 /* Preview Assets.xcassets */; };
		DF547225292F1BE400FBFB13 /* Home.swift in Sources */ = {isa = PBXBuildFile; fileRef = DF547224292F1BE400FBFB13 /* Home.swift */; };
		DF547227292F1BF300FBFB13 /* Category.swift in Sources */ = {isa = PBXBuildFile; fileRef = DF547226292F1BF300FBFB13 /* Category.swift */; };
		DF547229292F1DEE00FBFB13 /* Reward.swift in Sources */ = {isa = PBXBuildFile; fileRef = DF547228292F1DEE00FBFB13 /* Reward.swift */; };
		DF54722B292F1E2800FBFB13 /* Leaderboard.swift in Sources */ = {isa = PBXBuildFile; fileRef = DF54722A292F1E2800FBFB13 /* Leaderboard.swift */; };
		DF54722D292F1E4800FBFB13 /* Profile.swift in Sources */ = {isa = PBXBuildFile; fileRef = DF54722C292F1E4800FBFB13 /* Profile.swift */; };
		DF547231292FB55400FBFB13 /* Network.swift in Sources */ = {isa = PBXBuildFile; fileRef = DF547230292FB55400FBFB13 /* Network.swift */; };
		DF547233292FFCF000FBFB13 /* URLImageModel.swift in Sources */ = {isa = PBXBuildFile; fileRef = DF547232292FFCF000FBFB13 /* URLImageModel.swift */; };
		DF547237292FFE0F00FBFB13 /* UrlImageView.swift in Sources */ = {isa = PBXBuildFile; fileRef = DF547236292FFE0F00FBFB13 /* UrlImageView.swift */; };
/* End PBXBuildFile section */

/* Begin PBXFileReference section */
		DF547212292E5B2100FBFB13 /* Union Assurance.app */ = {isa = PBXFileReference; explicitFileType = wrapper.application; includeInIndex = 0; path = "Union Assurance.app"; sourceTree = BUILT_PRODUCTS_DIR; };
		DF547215292E5B2100FBFB13 /* Union_AssuranceApp.swift */ = {isa = PBXFileReference; lastKnownFileType = sourcecode.swift; path = Union_AssuranceApp.swift; sourceTree = "<group>"; };
		DF547217292E5B2100FBFB13 /* ContentView.swift */ = {isa = PBXFileReference; lastKnownFileType = sourcecode.swift; path = ContentView.swift; sourceTree = "<group>"; };
		DF547219292E5B2300FBFB13 /* Assets.xcassets */ = {isa = PBXFileReference; lastKnownFileType = folder.assetcatalog; path = Assets.xcassets; sourceTree = "<group>"; };
		DF54721C292E5B2300FBFB13 /* Preview Assets.xcassets */ = {isa = PBXFileReference; lastKnownFileType = folder.assetcatalog; path = "Preview Assets.xcassets"; sourceTree = "<group>"; };
		DF547224292F1BE400FBFB13 /* Home.swift */ = {isa = PBXFileReference; lastKnownFileType = sourcecode.swift; path = Home.swift; sourceTree = "<group>"; };
		DF547226292F1BF300FBFB13 /* Category.swift */ = {isa = PBXFileReference; lastKnownFileType = sourcecode.swift; path = Category.swift; sourceTree = "<group>"; };
		DF547228292F1DEE00FBFB13 /* Reward.swift */ = {isa = PBXFileReference; lastKnownFileType = sourcecode.swift; path = Reward.swift; sourceTree = "<group>"; };
		DF54722A292F1E2800FBFB13 /* Leaderboard.swift */ = {isa = PBXFileReference; lastKnownFileType = sourcecode.swift; path = Leaderboard.swift; sourceTree = "<group>"; };
		DF54722C292F1E4800FBFB13 /* Profile.swift */ = {isa = PBXFileReference; lastKnownFileType = sourcecode.swift; path = Profile.swift; sourceTree = "<group>"; };
		DF547230292FB55400FBFB13 /* Network.swift */ = {isa = PBXFileReference; lastKnownFileType = sourcecode.swift; path = Network.swift; sourceTree = "<group>"; };
		DF547232292FFCF000FBFB13 /* URLImageModel.swift */ = {isa = PBXFileReference; lastKnownFileType = sourcecode.swift; path = URLImageModel.swift; sourceTree = "<group>"; };
		DF547236292FFE0F00FBFB13 /* UrlImageView.swift */ = {isa = PBXFileReference; lastKnownFileType = sourcecode.swift; path = UrlImageView.swift; sourceTree = "<group>"; };
		DF547238293001C300FBFB13 /* Union-Assurance-Info.plist */ = {isa = PBXFileReference; lastKnownFileType = text.plist; path = "Union-Assurance-Info.plist"; sourceTree = SOURCE_ROOT; };
/* End PBXFileReference section */

/* Begin PBXFrameworksBuildPhase section */
		DF54720F292E5B2100FBFB13 /* Frameworks */ = {
			isa = PBXFrameworksBuildPhase;
			buildActionMask = 2147483647;
			files = (
			);
			runOnlyForDeploymentPostprocessing = 0;
		};
/* End PBXFrameworksBuildPhase section */

/* Begin PBXGroup section */
		DF547209292E5B2100FBFB13 = {
			isa = PBXGroup;
			children = (
				DF547214292E5B2100FBFB13 /* Union Assurance */,
				DF547213292E5B2100FBFB13 /* Products */,
			);
			sourceTree = "<group>";
		};
		DF547213292E5B2100FBFB13 /* Products */ = {
			isa = PBXGroup;
			children = (
				DF547212292E5B2100FBFB13 /* Union Assurance.app */,
			);
			name = Products;
			sourceTree = "<group>";
		};
		DF547214292E5B2100FBFB13 /* Union Assurance */ = {
			isa = PBXGroup;
			children = (
				DF547238293001C300FBFB13 /* Union-Assurance-Info.plist */,
				DF54722E292F585800FBFB13 /* Model */,
				DF547223292F1B7C00FBFB13 /* View */,
				DF547215292E5B2100FBFB13 /* Union_AssuranceApp.swift */,
				DF547217292E5B2100FBFB13 /* ContentView.swift */,
				DF547219292E5B2300FBFB13 /* Assets.xcassets */,
				DF54721B292E5B2300FBFB13 /* Preview Content */,
			);
			path = "Union Assurance";
			sourceTree = "<group>";
		};
		DF54721B292E5B2300FBFB13 /* Preview Content */ = {
			isa = PBXGroup;
			children = (
				DF54721C292E5B2300FBFB13 /* Preview Assets.xcassets */,
			);
			path = "Preview Content";
			sourceTree = "<group>";
		};
		DF547223292F1B7C00FBFB13 /* View */ = {
			isa = PBXGroup;
			children = (
				DF547224292F1BE400FBFB13 /* Home.swift */,
				DF547226292F1BF300FBFB13 /* Category.swift */,
				DF547228292F1DEE00FBFB13 /* Reward.swift */,
				DF54722A292F1E2800FBFB13 /* Leaderboard.swift */,
				DF54722C292F1E4800FBFB13 /* Profile.swift */,
				DF547236292FFE0F00FBFB13 /* UrlImageView.swift */,
			);
			path = View;
			sourceTree = "<group>";
		};
		DF54722E292F585800FBFB13 /* Model */ = {
			isa = PBXGroup;
			children = (
				DF547230292FB55400FBFB13 /* Network.swift */,
				DF547232292FFCF000FBFB13 /* URLImageModel.swift */,
			);
			path = Model;
			sourceTree = "<group>";
		};
/* End PBXGroup section */

/* Begin PBXNativeTarget section */
		DF547211292E5B2100FBFB13 /* Union Assurance */ = {
			isa = PBXNativeTarget;
			buildConfigurationList = DF547220292E5B2300FBFB13 /* Build configuration list for PBXNativeTarget "Union Assurance" */;
			buildPhases = (
				DF54720E292E5B2100FBFB13 /* Sources */,
				DF54720F292E5B2100FBFB13 /* Frameworks */,
				DF547210292E5B2100FBFB13 /* Resources */,
			);
			buildRules = (
			);
			dependencies = (
			);
			name = "Union Assurance";
			productName = "Union Assurance";
			productReference = DF547212292E5B2100FBFB13 /* Union Assurance.app */;
			productType = "com.apple.product-type.application";
		};
/* End PBXNativeTarget section */

/* Begin PBXProject section */
		DF54720A292E5B2100FBFB13 /* Project object */ = {
			isa = PBXProject;
			attributes = {
				BuildIndependentTargetsInParallel = 1;
				LastSwiftUpdateCheck = 1400;
				LastUpgradeCheck = 1400;
				TargetAttributes = {
					DF547211292E5B2100FBFB13 = {
						CreatedOnToolsVersion = 14.0;
					};
				};
			};
			buildConfigurationList = DF54720D292E5B2100FBFB13 /* Build configuration list for PBXProject "Union Assurance" */;
			compatibilityVersion = "Xcode 14.0";
			developmentRegion = en;
			hasScannedForEncodings = 0;
			knownRegions = (
				en,
				Base,
			);
			mainGroup = DF547209292E5B2100FBFB13;
			productRefGroup = DF547213292E5B2100FBFB13 /* Products */;
			projectDirPath = "";
			projectRoot = "";
			targets = (
				DF547211292E5B2100FBFB13 /* Union Assurance */,
			);
		};
/* End PBXProject section */

/* Begin PBXResourcesBuildPhase section */
		DF547210292E5B2100FBFB13 /* Resources */ = {
			isa = PBXResourcesBuildPhase;
			buildActionMask = 2147483647;
			files = (
				DF54721D292E5B2300FBFB13 /* Preview Assets.xcassets in Resources */,
				DF54721A292E5B2300FBFB13 /* Assets.xcassets in Resources */,
			);
			runOnlyForDeploymentPostprocessing = 0;
		};
/* End PBXResourcesBuildPhase section */

/* Begin PBXSourcesBuildPhase section */
		DF54720E292E5B2100FBFB13 /* Sources */ = {
			isa = PBXSourcesBuildPhase;
			buildActionMask = 2147483647;
			files = (
				DF547218292E5B2100FBFB13 /* ContentView.swift in Sources */,
				DF547233292FFCF000FBFB13 /* URLImageModel.swift in Sources */,
				DF54722B292F1E2800FBFB13 /* Leaderboard.swift in Sources */,
				DF547231292FB55400FBFB13 /* Network.swift in Sources */,
				DF547237292FFE0F00FBFB13 /* UrlImageView.swift in Sources */,
				DF547225292F1BE400FBFB13 /* Home.swift in Sources */,
				DF54722D292F1E4800FBFB13 /* Profile.swift in Sources */,
				DF547216292E5B2100FBFB13 /* Union_AssuranceApp.swift in Sources */,
				DF547227292F1BF300FBFB13 /* Category.swift in Sources */,
				DF547229292F1DEE00FBFB13 /* Reward.swift in Sources */,
			);
			runOnlyForDeploymentPostprocessing = 0;
		};
/* End PBXSourcesBuildPhase section */

/* Begin XCBuildConfiguration section */
		DF54721E292E5B2300FBFB13 /* Debug */ = {
			isa = XCBuildConfiguration;
			buildSettings = {
				ALWAYS_SEARCH_USER_PATHS = NO;
				CLANG_ANALYZER_NONNULL = YES;
				CLANG_ANALYZER_NUMBER_OBJECT_CONVERSION = YES_AGGRESSIVE;
				CLANG_CXX_LANGUAGE_STANDARD = "gnu++20";
				CLANG_ENABLE_MODULES = YES;
				CLANG_ENABLE_OBJC_ARC = YES;
				CLANG_ENABLE_OBJC_WEAK = YES;
				CLANG_WARN_BLOCK_CAPTURE_AUTORELEASING = YES;
				CLANG_WARN_BOOL_CONVERSION = YES;
				CLANG_WARN_COMMA = YES;
				CLANG_WARN_CONSTANT_CONVERSION = YES;
				CLANG_WARN_DEPRECATED_OBJC_IMPLEMENTATIONS = YES;
				CLANG_WARN_DIRECT_OBJC_ISA_USAGE = YES_ERROR;
				CLANG_WARN_DOCUMENTATION_COMMENTS = YES;
				CLANG_WARN_EMPTY_BODY = YES;
				CLANG_WARN_ENUM_CONVERSION = YES;
				CLANG_WARN_INFINITE_RECURSION = YES;
				CLANG_WARN_INT_CONVERSION = YES;
				CLANG_WARN_NON_LITERAL_NULL_CONVERSION = YES;
				CLANG_WARN_OBJC_IMPLICIT_RETAIN_SELF = YES;
				CLANG_WARN_OBJC_LITERAL_CONVERSION = YES;
				CLANG_WARN_OBJC_ROOT_CLASS = YES_ERROR;
				CLANG_WARN_QUOTED_INCLUDE_IN_FRAMEWORK_HEADER = YES;
				CLANG_WARN_RANGE_LOOP_ANALYSIS = YES;
				CLANG_WARN_STRICT_PROTOTYPES = YES;
				CLANG_WARN_SUSPICIOUS_MOVE = YES;
				CLANG_WARN_UNGUARDED_AVAILABILITY = YES_AGGRESSIVE;
				CLANG_WARN_UNREACHABLE_CODE = YES;
				CLANG_WARN__DUPLICATE_METHOD_MATCH = YES;
				COPY_PHASE_STRIP = NO;
				DEBUG_INFORMATION_FORMAT = dwarf;
				ENABLE_STRICT_OBJC_MSGSEND = YES;
				ENABLE_TESTABILITY = YES;
				GCC_C_LANGUAGE_STANDARD = gnu11;
				GCC_DYNAMIC_NO_PIC = NO;
				GCC_NO_COMMON_BLOCKS = YES;
				GCC_OPTIMIZATION_LEVEL = 0;
				GCC_PREPROCESSOR_DEFINITIONS = (
					"DEBUG=1",
					"$(inherited)",
				);
				GCC_WARN_64_TO_32_BIT_CONVERSION = YES;
				GCC_WARN_ABOUT_RETURN_TYPE = YES_ERROR;
				GCC_WARN_UNDECLARED_SELECTOR = YES;
				GCC_WARN_UNINITIALIZED_AUTOS = YES_AGGRESSIVE;
				GCC_WARN_UNUSED_FUNCTION = YES;
				GCC_WARN_UNUSED_VARIABLE = YES;
				IPHONEOS_DEPLOYMENT_TARGET = 16.0;
				MTL_ENABLE_DEBUG_INFO = INCLUDE_SOURCE;
				MTL_FAST_MATH = YES;
				ONLY_ACTIVE_ARCH = YES;
				SDKROOT = iphoneos;
				SWIFT_ACTIVE_COMPILATION_CONDITIONS = DEBUG;
				SWIFT_OPTIMIZATION_LEVEL = "-Onone";
			};
			name = Debug;
		};
		DF54721F292E5B2300FBFB13 /* Release */ = {
			isa = XCBuildConfiguration;
			buildSettings = {
				ALWAYS_SEARCH_USER_PATHS = NO;
				CLANG_ANALYZER_NONNULL = YES;
				CLANG_ANALYZER_NUMBER_OBJECT_CONVERSION = YES_AGGRESSIVE;
				CLANG_CXX_LANGUAGE_STANDARD = "gnu++20";
				CLANG_ENABLE_MODULES = YES;
				CLANG_ENABLE_OBJC_ARC = YES;
				CLANG_ENABLE_OBJC_WEAK = YES;
				CLANG_WARN_BLOCK_CAPTURE_AUTORELEASING = YES;
				CLANG_WARN_BOOL_CONVERSION = YES;
				CLANG_WARN_COMMA = YES;
				CLANG_WARN_CONSTANT_CONVERSION = YES;
				CLANG_WARN_DEPRECATED_OBJC_IMPLEMENTATIONS = YES;
				CLANG_WARN_DIRECT_OBJC_ISA_USAGE = YES_ERROR;
				CLANG_WARN_DOCUMENTATION_COMMENTS = YES;
				CLANG_WARN_EMPTY_BODY = YES;
				CLANG_WARN_ENUM_CONVERSION = YES;
				CLANG_WARN_INFINITE_RECURSION = YES;
				CLANG_WARN_INT_CONVERSION = YES;
				CLANG_WARN_NON_LITERAL_NULL_CONVERSION = YES;
				CLANG_WARN_OBJC_IMPLICIT_RETAIN_SELF = YES;
				CLANG_WARN_OBJC_LITERAL_CONVERSION = YES;
				CLANG_WARN_OBJC_ROOT_CLASS = YES_ERROR;
				CLANG_WARN_QUOTED_INCLUDE_IN_FRAMEWORK_HEADER = YES;
				CLANG_WARN_RANGE_LOOP_ANALYSIS = YES;
				CLANG_WARN_STRICT_PROTOTYPES = YES;
				CLANG_WARN_SUSPICIOUS_MOVE = YES;
				CLANG_WARN_UNGUARDED_AVAILABILITY = YES_AGGRESSIVE;
				CLANG_WARN_UNREACHABLE_CODE = YES;
				CLANG_WARN__DUPLICATE_METHOD_MATCH = YES;
				COPY_PHASE_STRIP = NO;
				DEBUG_INFORMATION_FORMAT = "dwarf-with-dsym";
				ENABLE_NS_ASSERTIONS = NO;
				ENABLE_STRICT_OBJC_MSGSEND = YES;
				GCC_C_LANGUAGE_STANDARD = gnu11;
				GCC_NO_COMMON_BLOCKS = YES;
				GCC_WARN_64_TO_32_BIT_CONVERSION = YES;
				GCC_WARN_ABOUT_RETURN_TYPE = YES_ERROR;
				GCC_WARN_UNDECLARED_SELECTOR = YES;
				GCC_WARN_UNINITIALIZED_AUTOS = YES_AGGRESSIVE;
				GCC_WARN_UNUSED_FUNCTION = YES;
				GCC_WARN_UNUSED_VARIABLE = YES;
				IPHONEOS_DEPLOYMENT_TARGET = 16.0;
				MTL_ENABLE_DEBUG_INFO = NO;
				MTL_FAST_MATH = YES;
				SDKROOT = iphoneos;
				SWIFT_COMPILATION_MODE = wholemodule;
				SWIFT_OPTIMIZATION_LEVEL = "-O";
				VALIDATE_PRODUCT = YES;
			};
			name = Release;
		};
		DF547221292E5B2300FBFB13 /* Debug */ = {
			isa = XCBuildConfiguration;
			buildSettings = {
				ASSETCATALOG_COMPILER_APPICON_NAME = AppIcon;
				ASSETCATALOG_COMPILER_GLOBAL_ACCENT_COLOR_NAME = AccentColor;
				CODE_SIGN_STYLE = Automatic;
				CURRENT_PROJECT_VERSION = 1;
				DEVELOPMENT_ASSET_PATHS = "\"Union Assurance/Preview Content\"";
				DEVELOPMENT_TEAM = 48689QGL3Z;
				ENABLE_PREVIEWS = YES;
				GENERATE_INFOPLIST_FILE = YES;
				INFOPLIST_FILE = "Union-Assurance-Info.plist";
				INFOPLIST_KEY_UIApplicationSceneManifest_Generation = YES;
				INFOPLIST_KEY_UIApplicationSupportsIndirectInputEvents = YES;
				INFOPLIST_KEY_UILaunchScreen_Generation = YES;
				INFOPLIST_KEY_UISupportedInterfaceOrientations_iPad = "UIInterfaceOrientationPortrait UIInterfaceOrientationPortraitUpsideDown UIInterfaceOrientationLandscapeLeft UIInterfaceOrientationLandscapeRight";
				INFOPLIST_KEY_UISupportedInterfaceOrientations_iPhone = "UIInterfaceOrientationPortrait UIInterfaceOrientationLandscapeLeft UIInterfaceOrientationLandscapeRight";
				LD_RUNPATH_SEARCH_PATHS = (
					"$(inherited)",
					"@executable_path/Frameworks",
				);
				MARKETING_VERSION = 1.0;
				PRODUCT_BUNDLE_IDENTIFIER = "Kavindu-Randimal.Union-Assurance";
				PRODUCT_NAME = "$(TARGET_NAME)";
				SWIFT_EMIT_LOC_STRINGS = YES;
				SWIFT_VERSION = 5.0;
				TARGETED_DEVICE_FAMILY = "1,2";
			};
			name = Debug;
		};
		DF547222292E5B2300FBFB13 /* Release */ = {
			isa = XCBuildConfiguration;
			buildSettings = {
				ASSETCATALOG_COMPILER_APPICON_NAME = AppIcon;
				ASSETCATALOG_COMPILER_GLOBAL_ACCENT_COLOR_NAME = AccentColor;
				CODE_SIGN_STYLE = Automatic;
				CURRENT_PROJECT_VERSION = 1;
				DEVELOPMENT_ASSET_PATHS = "\"Union Assurance/Preview Content\"";
				DEVELOPMENT_TEAM = 48689QGL3Z;
				ENABLE_PREVIEWS = YES;
				GENERATE_INFOPLIST_FILE = YES;
				INFOPLIST_FILE = "Union-Assurance-Info.plist";
				INFOPLIST_KEY_UIApplicationSceneManifest_Generation = YES;
				INFOPLIST_KEY_UIApplicationSupportsIndirectInputEvents = YES;
				INFOPLIST_KEY_UILaunchScreen_Generation = YES;
				INFOPLIST_KEY_UISupportedInterfaceOrientations_iPad = "UIInterfaceOrientationPortrait UIInterfaceOrientationPortraitUpsideDown UIInterfaceOrientationLandscapeLeft UIInterfaceOrientationLandscapeRight";
				INFOPLIST_KEY_UISupportedInterfaceOrientations_iPhone = "UIInterfaceOrientationPortrait UIInterfaceOrientationLandscapeLeft UIInterfaceOrientationLandscapeRight";
				LD_RUNPATH_SEARCH_PATHS = (
					"$(inherited)",
					"@executable_path/Frameworks",
				);
				MARKETING_VERSION = 1.0;
				PRODUCT_BUNDLE_IDENTIFIER = "Kavindu-Randimal.Union-Assurance";
				PRODUCT_NAME = "$(TARGET_NAME)";
				SWIFT_EMIT_LOC_STRINGS = YES;
				SWIFT_VERSION = 5.0;
				TARGETED_DEVICE_FAMILY = "1,2";
			};
			name = Release;
		};
/* End XCBuildConfiguration section */

/* Begin XCConfigurationList section */
		DF54720D292E5B2100FBFB13 /* Build configuration list for PBXProject "Union Assurance" */ = {
			isa = XCConfigurationList;
			buildConfigurations = (
				DF54721E292E5B2300FBFB13 /* Debug */,
				DF54721F292E5B2300FBFB13 /* Release */,
			);
			defaultConfigurationIsVisible = 0;
			defaultConfigurationName = Release;
		};
		DF547220292E5B2300FBFB13 /* Build configuration list for PBXNativeTarget "Union Assurance" */ = {
			isa = XCConfigurationList;
			buildConfigurations = (
				DF547221292E5B2300FBFB13 /* Debug */,
				DF547222292E5B2300FBFB13 /* Release */,
			);
			defaultConfigurationIsVisible = 0;
			defaultConfigurationName = Release;
		};
/* End XCConfigurationList section */
	};
	rootObject = DF54720A292E5B2100FBFB13 /* Project object */;
}
